{
  "name": "audio-embed",
  "version": "1.0.0",
  "lockfileVersion": 1,
  "requires": true,
  "dependencies": {
    "core-js": {
      "version": "3.6.0",
      "resolved": "https://registry.npmjs.org/core-js/-/core-js-3.6.0.tgz",
      "integrity": "sha512-AHPTNKzyB+YwgDWoSOCaid9PUSEF6781vsfiK8qUz62zRR448/XgK2NtCbpiUGizbep8Lrpt0Du19PpGGZvw3Q=="
    },
    "custom-event-polyfill": {
      "version": "1.0.7",
      "resolved": "https://registry.npmjs.org/custom-event-polyfill/-/custom-event-polyfill-1.0.7.tgz",
      "integrity": "sha512-TDDkd5DkaZxZFM8p+1I3yAlvM3rSr1wbrOliG4yJiwinMZN8z/iGL7BTlDkrJcYTmgUSb4ywVCc3ZaUtOtC76w=="
    },
    "loadjs": {
      "version": "3.6.1",
      "resolved": "https://registry.npmjs.org/loadjs/-/loadjs-3.6.1.tgz",
      "integrity": "sha512-AZEBw2GWdJk2IzBgQ+Wohoao5j+t0rajqK8dJu8jQqgYxDTxhmCt0ayMo/vCa0ZAMvZxnJcam6uLICfnVd8KAw=="
    },
    "plyr": {
      "version": "3.5.6",
      "resolved": "https://registry.npmjs.org/plyr/-/plyr-3.5.6.tgz",
      "integrity": "sha512-buudbt2qwZYjEdBXW9DvQ7t/LqaSbv9tSjCrqg7nTXVM5BXNdhuiJCyvko+5+DFMdp30mliyKGoOHGXz43OwrA==",
      "requires": {
        "core-js": "^3.1.4",
        "custom-event-polyfill": "^1.0.7",
        "loadjs": "^3.6.1",
        "rangetouch": "^2.0.0",
        "url-polyfill": "^1.1.5"
      }
    },
    "rangetouch": {
      "version": "2.0.0",
      "resolved": "https://registry.npmjs.org/rangetouch/-/rangetouch-2.0.0.tgz",
      "integrity": "sha512-y66wTFbwh7KafYligRsmIYYR1kZY8U9tGHH9PgbVhBUFmGzPMsOSjslXPedgR5D3M9W1QKVbAf1AtaVAt7JJTw=="
    },
    "url-polyfill": {
      "version": "1.1.7",
      "resolved": "https://registry.npmjs.org/url-polyfill/-/url-polyfill-1.1.7.tgz",
      "integrity": "sha512-ZrAxYWCREjmMtL8gSbSiKKLZZticgihCvVBtrFbUVpyoETt8GQJeG2okMWA8XryDAaHMjJfhnc+rnhXRbI4DXA=="
    }
  }
}
